# THIS IS AN AUTOGENERATED FILE. DO NOT EDIT THIS FILE DIRECTLY.
# yarn lockfile v1


"@vue/cli-plugin-vuex@~5.0.0":
  version "5.0.4"
  resolved "https://registry.yarnpkg.com/@vue/cli-plugin-vuex/-/cli-plugin-vuex-5.0.4.tgz#80853992ac4f423e8e3e8d05a120c46a94a81b5e"
  integrity sha512-dBwiD6mT9+V2HTHcwaWE8qFNgTk5I/NUvxYVeUN3Mmmpo4y/1RxXnr7BlKGnaQsTypb2RFk3KowqIJtg7s+E3Q==

vuex@^3.6.2:
  version "3.6.2"
  resolved "https://registry.yarnpkg.com/vuex/-/vuex-3.6.2.tgz#236bc086a870c3ae79946f107f16de59d5895e71"
  integrity sha512-ETW44IqCgBpVomy520DT5jf8n0zoCac+sxWnn+hMe/CzaSejb/eVw2YToiXYX+Ex/AuHHia28vWTq4goAexFbw==
